// !$*UTF8*$!
{
	archiveVersion = 1;
	classes = {
	};
	objectVersion = 50;
	objects = {

/* Begin PBXBuildFile section */
		651D43DD212A8B5F009A0C12 /* ReportViewController.swift in Sources */ = {isa = PBXBuildFile; fileRef = 651D43DC212A8B5F009A0C12 /* ReportViewController.swift */; };
		651D43DF212A8B78009A0C12 /* Report.storyboard in Resources */ = {isa = PBXBuildFile; fileRef = 651D43DE212A8B78009A0C12 /* Report.storyboard */; };
		6FAA98A7212FB8F200389FF3 /* NewsTableViewCell.swift in Sources */ = {isa = PBXBuildFile; fileRef = 6FAA98A6212FB8F200389FF3 /* NewsTableViewCell.swift */; };
		6FAA98AA212FBAEF00389FF3 /* CleanifyNews.swift in Sources */ = {isa = PBXBuildFile; fileRef = 6FAA98A9212FBAEF00389FF3 /* CleanifyNews.swift */; };
		6FAA98AC212FE3C400389FF3 /* NewsDetailViewController.swift in Sources */ = {isa = PBXBuildFile; fileRef = 6FAA98AB212FE3C400389FF3 /* NewsDetailViewController.swift */; };
		9110FCB92133AA0300F8FC01 /* GeneralHelper.swift in Sources */ = {isa = PBXBuildFile; fileRef = 9110FCB82133AA0300F8FC01 /* GeneralHelper.swift */; };
		91386959212E54CB00FEC746 /* CleanifyApi.swift in Sources */ = {isa = PBXBuildFile; fileRef = 91386958212E54CB00FEC746 /* CleanifyApi.swift */; };
		9138695C212E559E00FEC746 /* CleanifyEvent.swift in Sources */ = {isa = PBXBuildFile; fileRef = 9138695B212E559E00FEC746 /* CleanifyEvent.swift */; };
		915825B3212BB14C00D617CE /* ActTableViewCell.swift in Sources */ = {isa = PBXBuildFile; fileRef = 915825B2212BB14C00D617CE /* ActTableViewCell.swift */; };
		915825B5212BD04000D617CE /* ActDetail.storyboard in Resources */ = {isa = PBXBuildFile; fileRef = 915825B4212BD04000D617CE /* ActDetail.storyboard */; };
		915825B9212BD43500D617CE /* ActDetailViewController.swift in Sources */ = {isa = PBXBuildFile; fileRef = 915825B8212BD43500D617CE /* ActDetailViewController.swift */; };
		91A117962131550F00A817BB /* Main.storyboard in Resources */ = {isa = PBXBuildFile; fileRef = 91A117952131550F00A817BB /* Main.storyboard */; };
		91FA1C1A212A5FB100D02550 /* AppDelegate.swift in Sources */ = {isa = PBXBuildFile; fileRef = 91FA1C19212A5FB100D02550 /* AppDelegate.swift */; };
		91FA1C21212A5FB200D02550 /* Assets.xcassets in Resources */ = {isa = PBXBuildFile; fileRef = 91FA1C20212A5FB200D02550 /* Assets.xcassets */; };
		91FA1C24212A5FB200D02550 /* LaunchScreen.storyboard in Resources */ = {isa = PBXBuildFile; fileRef = 91FA1C22212A5FB200D02550 /* LaunchScreen.storyboard */; };
		91FA1C30212A67B500D02550 /* News.storyboard in Resources */ = {isa = PBXBuildFile; fileRef = 91FA1C2F212A67B500D02550 /* News.storyboard */; };
		91FA1C32212A67D200D02550 /* NewsViewController.swift in Sources */ = {isa = PBXBuildFile; fileRef = 91FA1C31212A67D200D02550 /* NewsViewController.swift */; };
		91FA1C40212A8B4D00D02550 /* ActMap.storyboard in Resources */ = {isa = PBXBuildFile; fileRef = 91FA1C3F212A8B4D00D02550 /* ActMap.storyboard */; };
		91FA1C42212A8B5500D02550 /* ActList.storyboard in Resources */ = {isa = PBXBuildFile; fileRef = 91FA1C41212A8B5500D02550 /* ActList.storyboard */; };
		91FA1C44212A8B6300D02550 /* ActMapViewController.swift in Sources */ = {isa = PBXBuildFile; fileRef = 91FA1C43212A8B6300D02550 /* ActMapViewController.swift */; };
		91FA1C46212A8B6C00D02550 /* ActListViewController.swift in Sources */ = {isa = PBXBuildFile; fileRef = 91FA1C45212A8B6C00D02550 /* ActListViewController.swift */; };
		DDD8DE0B212E748900587E3F /* LoginViewController.swift in Sources */ = {isa = PBXBuildFile; fileRef = DDD8DE09212E748900587E3F /* LoginViewController.swift */; };
		DDD8DE0E212E74EB00587E3F /* Login.storyboard in Resources */ = {isa = PBXBuildFile; fileRef = DDD8DE0D212E74EB00587E3F /* Login.storyboard */; };
		DDD8DE13212E7F6800587E3F /* API.swift in Sources */ = {isa = PBXBuildFile; fileRef = DDD8DE12212E7F6800587E3F /* API.swift */; };
		DDD8DE15212E802F00587E3F /* Constant.swift in Sources */ = {isa = PBXBuildFile; fileRef = DDD8DE14212E802F00587E3F /* Constant.swift */; };
		DDD8DE1D212FBC1200587E3F /* ProfileViewController.swift in Sources */ = {isa = PBXBuildFile; fileRef = DDD8DE1C212FBC1200587E3F /* ProfileViewController.swift */; };
		DDD8DE1F212FBEF300587E3F /* ProfileViewCell.swift in Sources */ = {isa = PBXBuildFile; fileRef = DDD8DE1E212FBEF300587E3F /* ProfileViewCell.swift */; };
		DDD8DE21212FFAD900587E3F /* Session.swift in Sources */ = {isa = PBXBuildFile; fileRef = DDD8DE20212FFAD900587E3F /* Session.swift */; };
		FF129086212A823F0082AF9C /* SF-Pro-Display-Thin.otf in Resources */ = {isa = PBXBuildFile; fileRef = FF129052212A823E0082AF9C /* SF-Pro-Display-Thin.otf */; };
		FF129087212A823F0082AF9C /* SF-Pro-Display-SemiboldItalic.otf in Resources */ = {isa = PBXBuildFile; fileRef = FF129053212A823E0082AF9C /* SF-Pro-Display-SemiboldItalic.otf */; };
		FF129088212A823F0082AF9C /* SF-Pro-Text-Heavy.otf in Resources */ = {isa = PBXBuildFile; fileRef = FF129054212A823E0082AF9C /* SF-Pro-Text-Heavy.otf */; };
		FF129089212A823F0082AF9C /* SF-Pro-Display-RegularItalic.otf in Resources */ = {isa = PBXBuildFile; fileRef = FF129055212A823E0082AF9C /* SF-Pro-Display-RegularItalic.otf */; };
		FF12908A212A823F0082AF9C /* SF-Pro-Display-Light.otf in Resources */ = {isa = PBXBuildFile; fileRef = FF129056212A823E0082AF9C /* SF-Pro-Display-Light.otf */; };
		FF12908B212A823F0082AF9C /* SF-Pro-Display-Regular.otf in Resources */ = {isa = PBXBuildFile; fileRef = FF129057212A823E0082AF9C /* SF-Pro-Display-Regular.otf */; };
		FF12908C212A823F0082AF9C /* SF-Pro-Text-MediumItalic.otf in Resources */ = {isa = PBXBuildFile; fileRef = FF129058212A823E0082AF9C /* SF-Pro-Text-MediumItalic.otf */; };
		FF12908D212A823F0082AF9C /* SF-Pro-Display-Bold.otf in Resources */ = {isa = PBXBuildFile; fileRef = FF129059212A823E0082AF9C /* SF-Pro-Display-Bold.otf */; };
		FF12908E212A823F0082AF9C /* SF-Pro-Display-Medium.otf in Resources */ = {isa = PBXBuildFile; fileRef = FF12905A212A823E0082AF9C /* SF-Pro-Display-Medium.otf */; };
		FF12908F212A823F0082AF9C /* SF-Pro-Display-Heavy.otf in Resources */ = {isa = PBXBuildFile; fileRef = FF12905B212A823E0082AF9C /* SF-Pro-Display-Heavy.otf */; };
		FF129090212A823F0082AF9C /* SF-Pro-Text-Light.otf in Resources */ = {isa = PBXBuildFile; fileRef = FF12905C212A823E0082AF9C /* SF-Pro-Text-Light.otf */; };
		FF129091212A823F0082AF9C /* SF-Pro-Display-Semibold.otf in Resources */ = {isa = PBXBuildFile; fileRef = FF12905D212A823E0082AF9C /* SF-Pro-Display-Semibold.otf */; };
		FF129092212A823F0082AF9C /* SF-Pro-Text-Regular.otf in Resources */ = {isa = PBXBuildFile; fileRef = FF12905E212A823E0082AF9C /* SF-Pro-Text-Regular.otf */; };
		FF129093212A823F0082AF9C /* SF-Pro-Text-Bold.otf in Resources */ = {isa = PBXBuildFile; fileRef = FF12905F212A823E0082AF9C /* SF-Pro-Text-Bold.otf */; };
		FF129094212A823F0082AF9C /* SF-Pro-Display-MediumItalic.otf in Resources */ = {isa = PBXBuildFile; fileRef = FF129060212A823E0082AF9C /* SF-Pro-Display-MediumItalic.otf */; };
		FF129095212A823F0082AF9C /* SF-Pro-Display-HeavyItalic.otf in Resources */ = {isa = PBXBuildFile; fileRef = FF129061212A823E0082AF9C /* SF-Pro-Display-HeavyItalic.otf */; };
		FF129096212A823F0082AF9C /* SF-Pro-Display-Ultralight.otf in Resources */ = {isa = PBXBuildFile; fileRef = FF129062212A823E0082AF9C /* SF-Pro-Display-Ultralight.otf */; };
		FF129097212A823F0082AF9C /* SF-Pro-Display-UltralightItalic.otf in Resources */ = {isa = PBXBuildFile; fileRef = FF129063212A823E0082AF9C /* SF-Pro-Display-UltralightItalic.otf */; };
		FF129098212A823F0082AF9C /* SF-Pro-Display-LightItalic.otf in Resources */ = {isa = PBXBuildFile; fileRef = FF129064212A823E0082AF9C /* SF-Pro-Display-LightItalic.otf */; };
		FF129099212A823F0082AF9C /* SF-Pro-Display-BlackItalic.otf in Resources */ = {isa = PBXBuildFile; fileRef = FF129065212A823E0082AF9C /* SF-Pro-Display-BlackItalic.otf */; };
		FF12909A212A823F0082AF9C /* SF-Pro-Display-Black.otf in Resources */ = {isa = PBXBuildFile; fileRef = FF129066212A823E0082AF9C /* SF-Pro-Display-Black.otf */; };
		FF12909B212A823F0082AF9C /* SF-Pro-Text-BoldItalic.otf in Resources */ = {isa = PBXBuildFile; fileRef = FF129067212A823E0082AF9C /* SF-Pro-Text-BoldItalic.otf */; };
		FF12909C212A823F0082AF9C /* SF-Pro-Text-RegularItalic.otf in Resources */ = {isa = PBXBuildFile; fileRef = FF129068212A823E0082AF9C /* SF-Pro-Text-RegularItalic.otf */; };
		FF12909D212A823F0082AF9C /* SF-Pro-Text-Semibold.otf in Resources */ = {isa = PBXBuildFile; fileRef = FF129069212A823E0082AF9C /* SF-Pro-Text-Semibold.otf */; };
		FF12909E212A823F0082AF9C /* SF-Pro-Text-HeavyItalic.otf in Resources */ = {isa = PBXBuildFile; fileRef = FF12906A212A823E0082AF9C /* SF-Pro-Text-HeavyItalic.otf */; };
		FF12909F212A823F0082AF9C /* SF-Pro-Display-ThinItalic.otf in Resources */ = {isa = PBXBuildFile; fileRef = FF12906B212A823E0082AF9C /* SF-Pro-Display-ThinItalic.otf */; };
		FF1290A0212A823F0082AF9C /* SF-Pro-Text-LightItalic.otf in Resources */ = {isa = PBXBuildFile; fileRef = FF12906C212A823E0082AF9C /* SF-Pro-Text-LightItalic.otf */; };
		FF1290A1212A823F0082AF9C /* SF-Pro-Text-Medium.otf in Resources */ = {isa = PBXBuildFile; fileRef = FF12906D212A823E0082AF9C /* SF-Pro-Text-Medium.otf */; };
		FF1290A2212A823F0082AF9C /* SF-Pro-Display-BoldItalic.otf in Resources */ = {isa = PBXBuildFile; fileRef = FF12906E212A823E0082AF9C /* SF-Pro-Display-BoldItalic.otf */; };
		FF1290A3212A823F0082AF9C /* SF-Pro-Text-SemiboldItalic.otf in Resources */ = {isa = PBXBuildFile; fileRef = FF12906F212A823E0082AF9C /* SF-Pro-Text-SemiboldItalic.otf */; };
		FF1290A4212A823F0082AF9C /* SFCompactDisplay-Heavy.otf in Resources */ = {isa = PBXBuildFile; fileRef = FF129071212A823F0082AF9C /* SFCompactDisplay-Heavy.otf */; };
		FF1290A5212A823F0082AF9C /* SFCompactText-Medium.otf in Resources */ = {isa = PBXBuildFile; fileRef = FF129072212A823F0082AF9C /* SFCompactText-Medium.otf */; };
		FF1290A6212A823F0082AF9C /* SFCompactText-SemiboldItalic.otf in Resources */ = {isa = PBXBuildFile; fileRef = FF129073212A823F0082AF9C /* SFCompactText-SemiboldItalic.otf */; };
		FF1290A7212A823F0082AF9C /* SFCompactDisplay-Light.otf in Resources */ = {isa = PBXBuildFile; fileRef = FF129074212A823F0082AF9C /* SFCompactDisplay-Light.otf */; };
		FF1290A8212A823F0082AF9C /* SFCompactText-Regular.otf in Resources */ = {isa = PBXBuildFile; fileRef = FF129075212A823F0082AF9C /* SFCompactText-Regular.otf */; };
		FF1290A9212A823F0082AF9C /* SFCompactText-BoldItalic.otf in Resources */ = {isa = PBXBuildFile; fileRef = FF129076212A823F0082AF9C /* SFCompactText-BoldItalic.otf */; };
		FF1290AA212A823F0082AF9C /* SFCompactDisplay-Semibold.otf in Resources */ = {isa = PBXBuildFile; fileRef = FF129077212A823F0082AF9C /* SFCompactDisplay-Semibold.otf */; };
		FF1290AB212A823F0082AF9C /* SFCompactDisplay-Medium.otf in Resources */ = {isa = PBXBuildFile; fileRef = FF129078212A823F0082AF9C /* SFCompactDisplay-Medium.otf */; };
		FF1290AC212A823F0082AF9C /* SFCompactDisplay-Black.otf in Resources */ = {isa = PBXBuildFile; fileRef = FF129079212A823F0082AF9C /* SFCompactDisplay-Black.otf */; };
		FF1290AD212A823F0082AF9C /* SFCompactDisplay-Regular.otf in Resources */ = {isa = PBXBuildFile; fileRef = FF12907A212A823F0082AF9C /* SFCompactDisplay-Regular.otf */; };
		FF1290AE212A823F0082AF9C /* SFCompactText-MediumItalic.otf in Resources */ = {isa = PBXBuildFile; fileRef = FF12907B212A823F0082AF9C /* SFCompactText-MediumItalic.otf */; };
		FF1290AF212A823F0082AF9C /* SFCompactText-Semibold.otf in Resources */ = {isa = PBXBuildFile; fileRef = FF12907C212A823F0082AF9C /* SFCompactText-Semibold.otf */; };
		FF1290B0212A823F0082AF9C /* SFCompactText-RegularItalic.otf in Resources */ = {isa = PBXBuildFile; fileRef = FF12907D212A823F0082AF9C /* SFCompactText-RegularItalic.otf */; };
		FF1290B1212A823F0082AF9C /* SFCompactText-Light.otf in Resources */ = {isa = PBXBuildFile; fileRef = FF12907E212A823F0082AF9C /* SFCompactText-Light.otf */; };
		FF1290B2212A823F0082AF9C /* SFCompactDisplay-Bold.otf in Resources */ = {isa = PBXBuildFile; fileRef = FF12907F212A823F0082AF9C /* SFCompactDisplay-Bold.otf */; };
		FF1290B3212A823F0082AF9C /* SFCompactText-Bold.otf in Resources */ = {isa = PBXBuildFile; fileRef = FF129080212A823F0082AF9C /* SFCompactText-Bold.otf */; };
		FF1290B4212A823F0082AF9C /* SFCompactDisplay-Ultralight.otf in Resources */ = {isa = PBXBuildFile; fileRef = FF129081212A823F0082AF9C /* SFCompactDisplay-Ultralight.otf */; };
		FF1290B5212A823F0082AF9C /* SFCompactText-Heavy.otf in Resources */ = {isa = PBXBuildFile; fileRef = FF129082212A823F0082AF9C /* SFCompactText-Heavy.otf */; };
		FF1290B6212A823F0082AF9C /* SFCompactText-HeavyItalic.otf in Resources */ = {isa = PBXBuildFile; fileRef = FF129083212A823F0082AF9C /* SFCompactText-HeavyItalic.otf */; };
		FF1290B7212A823F0082AF9C /* SFCompactText-LightItalic.otf in Resources */ = {isa = PBXBuildFile; fileRef = FF129084212A823F0082AF9C /* SFCompactText-LightItalic.otf */; };
		FF1290B8212A823F0082AF9C /* SFCompactDisplay-Thin.otf in Resources */ = {isa = PBXBuildFile; fileRef = FF129085212A823F0082AF9C /* SFCompactDisplay-Thin.otf */; };
/* End PBXBuildFile section */

/* Begin PBXFileReference section */
		651D43DC212A8B5F009A0C12 /* ReportViewController.swift */ = {isa = PBXFileReference; lastKnownFileType = sourcecode.swift; path = ReportViewController.swift; sourceTree = "<group>"; };
		651D43DE212A8B78009A0C12 /* Report.storyboard */ = {isa = PBXFileReference; lastKnownFileType = file.storyboard; path = Report.storyboard; sourceTree = "<group>"; };
		6FAA98A6212FB8F200389FF3 /* NewsTableViewCell.swift */ = {isa = PBXFileReference; lastKnownFileType = sourcecode.swift; path = NewsTableViewCell.swift; sourceTree = "<group>"; };
		6FAA98A9212FBAEF00389FF3 /* CleanifyNews.swift */ = {isa = PBXFileReference; lastKnownFileType = sourcecode.swift; path = CleanifyNews.swift; sourceTree = "<group>"; };
		6FAA98AB212FE3C400389FF3 /* NewsDetailViewController.swift */ = {isa = PBXFileReference; lastKnownFileType = sourcecode.swift; path = NewsDetailViewController.swift; sourceTree = "<group>"; };
		9110FCB82133AA0300F8FC01 /* GeneralHelper.swift */ = {isa = PBXFileReference; lastKnownFileType = sourcecode.swift; path = GeneralHelper.swift; sourceTree = "<group>"; };
		91386958212E54CB00FEC746 /* CleanifyApi.swift */ = {isa = PBXFileReference; lastKnownFileType = sourcecode.swift; path = CleanifyApi.swift; sourceTree = "<group>"; };
		9138695B212E559E00FEC746 /* CleanifyEvent.swift */ = {isa = PBXFileReference; lastKnownFileType = sourcecode.swift; path = CleanifyEvent.swift; sourceTree = "<group>"; };
		915825B2212BB14C00D617CE /* ActTableViewCell.swift */ = {isa = PBXFileReference; lastKnownFileType = sourcecode.swift; path = ActTableViewCell.swift; sourceTree = "<group>"; };
		915825B4212BD04000D617CE /* ActDetail.storyboard */ = {isa = PBXFileReference; lastKnownFileType = file.storyboard; path = ActDetail.storyboard; sourceTree = "<group>"; };
		915825B8212BD43500D617CE /* ActDetailViewController.swift */ = {isa = PBXFileReference; lastKnownFileType = sourcecode.swift; path = ActDetailViewController.swift; sourceTree = "<group>"; };
		91A117952131550F00A817BB /* Main.storyboard */ = {isa = PBXFileReference; lastKnownFileType = file.storyboard; path = Main.storyboard; sourceTree = "<group>"; };
		91FA1C16212A5FB100D02550 /* Cleanify.app */ = {isa = PBXFileReference; explicitFileType = wrapper.application; includeInIndex = 0; path = Cleanify.app; sourceTree = BUILT_PRODUCTS_DIR; };
		91FA1C19212A5FB100D02550 /* AppDelegate.swift */ = {isa = PBXFileReference; lastKnownFileType = sourcecode.swift; path = AppDelegate.swift; sourceTree = "<group>"; };
		91FA1C20212A5FB200D02550 /* Assets.xcassets */ = {isa = PBXFileReference; lastKnownFileType = folder.assetcatalog; path = Assets.xcassets; sourceTree = "<group>"; };
		91FA1C23212A5FB200D02550 /* Base */ = {isa = PBXFileReference; lastKnownFileType = file.storyboard; name = Base; path = Base.lproj/LaunchScreen.storyboard; sourceTree = "<group>"; };
		91FA1C25212A5FB200D02550 /* Info.plist */ = {isa = PBXFileReference; lastKnownFileType = text.plist.xml; path = Info.plist; sourceTree = "<group>"; };
		91FA1C2F212A67B500D02550 /* News.storyboard */ = {isa = PBXFileReference; lastKnownFileType = file.storyboard; path = News.storyboard; sourceTree = "<group>"; };
		91FA1C31212A67D200D02550 /* NewsViewController.swift */ = {isa = PBXFileReference; lastKnownFileType = sourcecode.swift; path = NewsViewController.swift; sourceTree = "<group>"; };
		91FA1C3F212A8B4D00D02550 /* ActMap.storyboard */ = {isa = PBXFileReference; lastKnownFileType = file.storyboard; path = ActMap.storyboard; sourceTree = "<group>"; };
		91FA1C41212A8B5500D02550 /* ActList.storyboard */ = {isa = PBXFileReference; lastKnownFileType = file.storyboard; path = ActList.storyboard; sourceTree = "<group>"; };
		91FA1C43212A8B6300D02550 /* ActMapViewController.swift */ = {isa = PBXFileReference; lastKnownFileType = sourcecode.swift; path = ActMapViewController.swift; sourceTree = "<group>"; };
		91FA1C45212A8B6C00D02550 /* ActListViewController.swift */ = {isa = PBXFileReference; lastKnownFileType = sourcecode.swift; path = ActListViewController.swift; sourceTree = "<group>"; };
		DDD8DE09212E748900587E3F /* LoginViewController.swift */ = {isa = PBXFileReference; fileEncoding = 4; lastKnownFileType = sourcecode.swift; path = LoginViewController.swift; sourceTree = "<group>"; };
		DDD8DE0D212E74EB00587E3F /* Login.storyboard */ = {isa = PBXFileReference; fileEncoding = 4; lastKnownFileType = file.storyboard; path = Login.storyboard; sourceTree = "<group>"; };
		DDD8DE12212E7F6800587E3F /* API.swift */ = {isa = PBXFileReference; fileEncoding = 4; lastKnownFileType = sourcecode.swift; path = API.swift; sourceTree = "<group>"; };
		DDD8DE14212E802F00587E3F /* Constant.swift */ = {isa = PBXFileReference; lastKnownFileType = sourcecode.swift; path = Constant.swift; sourceTree = "<group>"; };
		DDD8DE1C212FBC1200587E3F /* ProfileViewController.swift */ = {isa = PBXFileReference; lastKnownFileType = sourcecode.swift; path = ProfileViewController.swift; sourceTree = "<group>"; };
		DDD8DE1E212FBEF300587E3F /* ProfileViewCell.swift */ = {isa = PBXFileReference; lastKnownFileType = sourcecode.swift; path = ProfileViewCell.swift; sourceTree = "<group>"; };
		DDD8DE20212FFAD900587E3F /* Session.swift */ = {isa = PBXFileReference; lastKnownFileType = sourcecode.swift; path = Session.swift; sourceTree = "<group>"; };
		FF129052212A823E0082AF9C /* SF-Pro-Display-Thin.otf */ = {isa = PBXFileReference; lastKnownFileType = file; path = "SF-Pro-Display-Thin.otf"; sourceTree = "<group>"; };
		FF129053212A823E0082AF9C /* SF-Pro-Display-SemiboldItalic.otf */ = {isa = PBXFileReference; lastKnownFileType = file; path = "SF-Pro-Display-SemiboldItalic.otf"; sourceTree = "<group>"; };
		FF129054212A823E0082AF9C /* SF-Pro-Text-Heavy.otf */ = {isa = PBXFileReference; lastKnownFileType = file; path = "SF-Pro-Text-Heavy.otf"; sourceTree = "<group>"; };
		FF129055212A823E0082AF9C /* SF-Pro-Display-RegularItalic.otf */ = {isa = PBXFileReference; lastKnownFileType = file; path = "SF-Pro-Display-RegularItalic.otf"; sourceTree = "<group>"; };
		FF129056212A823E0082AF9C /* SF-Pro-Display-Light.otf */ = {isa = PBXFileReference; lastKnownFileType = file; path = "SF-Pro-Display-Light.otf"; sourceTree = "<group>"; };
		FF129057212A823E0082AF9C /* SF-Pro-Display-Regular.otf */ = {isa = PBXFileReference; lastKnownFileType = file; path = "SF-Pro-Display-Regular.otf"; sourceTree = "<group>"; };
		FF129058212A823E0082AF9C /* SF-Pro-Text-MediumItalic.otf */ = {isa = PBXFileReference; lastKnownFileType = file; path = "SF-Pro-Text-MediumItalic.otf"; sourceTree = "<group>"; };
		FF129059212A823E0082AF9C /* SF-Pro-Display-Bold.otf */ = {isa = PBXFileReference; lastKnownFileType = file; path = "SF-Pro-Display-Bold.otf"; sourceTree = "<group>"; };
		FF12905A212A823E0082AF9C /* SF-Pro-Display-Medium.otf */ = {isa = PBXFileReference; lastKnownFileType = file; path = "SF-Pro-Display-Medium.otf"; sourceTree = "<group>"; };
		FF12905B212A823E0082AF9C /* SF-Pro-Display-Heavy.otf */ = {isa = PBXFileReference; lastKnownFileType = file; path = "SF-Pro-Display-Heavy.otf"; sourceTree = "<group>"; };
		FF12905C212A823E0082AF9C /* SF-Pro-Text-Light.otf */ = {isa = PBXFileReference; lastKnownFileType = file; path = "SF-Pro-Text-Light.otf"; sourceTree = "<group>"; };
		FF12905D212A823E0082AF9C /* SF-Pro-Display-Semibold.otf */ = {isa = PBXFileReference; lastKnownFileType = file; path = "SF-Pro-Display-Semibold.otf"; sourceTree = "<group>"; };
		FF12905E212A823E0082AF9C /* SF-Pro-Text-Regular.otf */ = {isa = PBXFileReference; lastKnownFileType = file; path = "SF-Pro-Text-Regular.otf"; sourceTree = "<group>"; };
		FF12905F212A823E0082AF9C /* SF-Pro-Text-Bold.otf */ = {isa = PBXFileReference; lastKnownFileType = file; path = "SF-Pro-Text-Bold.otf"; sourceTree = "<group>"; };
		FF129060212A823E0082AF9C /* SF-Pro-Display-MediumItalic.otf */ = {isa = PBXFileReference; lastKnownFileType = file; path = "SF-Pro-Display-MediumItalic.otf"; sourceTree = "<group>"; };
		FF129061212A823E0082AF9C /* SF-Pro-Display-HeavyItalic.otf */ = {isa = PBXFileReference; lastKnownFileType = file; path = "SF-Pro-Display-HeavyItalic.otf"; sourceTree = "<group>"; };
		FF129062212A823E0082AF9C /* SF-Pro-Display-Ultralight.otf */ = {isa = PBXFileReference; lastKnownFileType = file; path = "SF-Pro-Display-Ultralight.otf"; sourceTree = "<group>"; };
		FF129063212A823E0082AF9C /* SF-Pro-Display-UltralightItalic.otf */ = {isa = PBXFileReference; lastKnownFileType = file; path = "SF-Pro-Display-UltralightItalic.otf"; sourceTree = "<group>"; };
		FF129064212A823E0082AF9C /* SF-Pro-Display-LightItalic.otf */ = {isa = PBXFileReference; lastKnownFileType = file; path = "SF-Pro-Display-LightItalic.otf"; sourceTree = "<group>"; };
		FF129065212A823E0082AF9C /* SF-Pro-Display-BlackItalic.otf */ = {isa = PBXFileReference; lastKnownFileType = file; path = "SF-Pro-Display-BlackItalic.otf"; sourceTree = "<group>"; };
		FF129066212A823E0082AF9C /* SF-Pro-Display-Black.otf */ = {isa = PBXFileReference; lastKnownFileType = file; path = "SF-Pro-Display-Black.otf"; sourceTree = "<group>"; };
		FF129067212A823E0082AF9C /* SF-Pro-Text-BoldItalic.otf */ = {isa = PBXFileReference; lastKnownFileType = file; path = "SF-Pro-Text-BoldItalic.otf"; sourceTree = "<group>"; };
		FF129068212A823E0082AF9C /* SF-Pro-Text-RegularItalic.otf */ = {isa = PBXFileReference; lastKnownFileType = file; path = "SF-Pro-Text-RegularItalic.otf"; sourceTree = "<group>"; };
		FF129069212A823E0082AF9C /* SF-Pro-Text-Semibold.otf */ = {isa = PBXFileReference; lastKnownFileType = file; path = "SF-Pro-Text-Semibold.otf"; sourceTree = "<group>"; };
		FF12906A212A823E0082AF9C /* SF-Pro-Text-HeavyItalic.otf */ = {isa = PBXFileReference; lastKnownFileType = file; path = "SF-Pro-Text-HeavyItalic.otf"; sourceTree = "<group>"; };
		FF12906B212A823E0082AF9C /* SF-Pro-Display-ThinItalic.otf */ = {isa = PBXFileReference; lastKnownFileType = file; path = "SF-Pro-Display-ThinItalic.otf"; sourceTree = "<group>"; };
		FF12906C212A823E0082AF9C /* SF-Pro-Text-LightItalic.otf */ = {isa = PBXFileReference; lastKnownFileType = file; path = "SF-Pro-Text-LightItalic.otf"; sourceTree = "<group>"; };
		FF12906D212A823E0082AF9C /* SF-Pro-Text-Medium.otf */ = {isa = PBXFileReference; lastKnownFileType = file; path = "SF-Pro-Text-Medium.otf"; sourceTree = "<group>"; };
		FF12906E212A823E0082AF9C /* SF-Pro-Display-BoldItalic.otf */ = {isa = PBXFileReference; lastKnownFileType = file; path = "SF-Pro-Display-BoldItalic.otf"; sourceTree = "<group>"; };
		FF12906F212A823E0082AF9C /* SF-Pro-Text-SemiboldItalic.otf */ = {isa = PBXFileReference; lastKnownFileType = file; path = "SF-Pro-Text-SemiboldItalic.otf"; sourceTree = "<group>"; };
		FF129071212A823F0082AF9C /* SFCompactDisplay-Heavy.otf */ = {isa = PBXFileReference; lastKnownFileType = file; path = "SFCompactDisplay-Heavy.otf"; sourceTree = "<group>"; };
		FF129072212A823F0082AF9C /* SFCompactText-Medium.otf */ = {isa = PBXFileReference; lastKnownFileType = file; path = "SFCompactText-Medium.otf"; sourceTree = "<group>"; };
		FF129073212A823F0082AF9C /* SFCompactText-SemiboldItalic.otf */ = {isa = PBXFileReference; lastKnownFileType = file; path = "SFCompactText-SemiboldItalic.otf"; sourceTree = "<group>"; };
		FF129074212A823F0082AF9C /* SFCompactDisplay-Light.otf */ = {isa = PBXFileReference; lastKnownFileType = file; path = "SFCompactDisplay-Light.otf"; sourceTree = "<group>"; };
		FF129075212A823F0082AF9C /* SFCompactText-Regular.otf */ = {isa = PBXFileReference; lastKnownFileType = file; path = "SFCompactText-Regular.otf"; sourceTree = "<group>"; };
		FF129076212A823F0082AF9C /* SFCompactText-BoldItalic.otf */ = {isa = PBXFileReference; lastKnownFileType = file; path = "SFCompactText-BoldItalic.otf"; sourceTree = "<group>"; };
		FF129077212A823F0082AF9C /* SFCompactDisplay-Semibold.otf */ = {isa = PBXFileReference; lastKnownFileType = file; path = "SFCompactDisplay-Semibold.otf"; sourceTree = "<group>"; };
		FF129078212A823F0082AF9C /* SFCompactDisplay-Medium.otf */ = {isa = PBXFileReference; lastKnownFileType = file; path = "SFCompactDisplay-Medium.otf"; sourceTree = "<group>"; };
		FF129079212A823F0082AF9C /* SFCompactDisplay-Black.otf */ = {isa = PBXFileReference; lastKnownFileType = file; path = "SFCompactDisplay-Black.otf"; sourceTree = "<group>"; };
		FF12907A212A823F0082AF9C /* SFCompactDisplay-Regular.otf */ = {isa = PBXFileReference; lastKnownFileType = file; path = "SFCompactDisplay-Regular.otf"; sourceTree = "<group>"; };
		FF12907B212A823F0082AF9C /* SFCompactText-MediumItalic.otf */ = {isa = PBXFileReference; lastKnownFileType = file; path = "SFCompactText-MediumItalic.otf"; sourceTree = "<group>"; };
		FF12907C212A823F0082AF9C /* SFCompactText-Semibold.otf */ = {isa = PBXFileReference; lastKnownFileType = file; path = "SFCompactText-Semibold.otf"; sourceTree = "<group>"; };
		FF12907D212A823F0082AF9C /* SFCompactText-RegularItalic.otf */ = {isa = PBXFileReference; lastKnownFileType = file; path = "SFCompactText-RegularItalic.otf"; sourceTree = "<group>"; };
		FF12907E212A823F0082AF9C /* SFCompactText-Light.otf */ = {isa = PBXFileReference; lastKnownFileType = file; path = "SFCompactText-Light.otf"; sourceTree = "<group>"; };
		FF12907F212A823F0082AF9C /* SFCompactDisplay-Bold.otf */ = {isa = PBXFileReference; lastKnownFileType = file; path = "SFCompactDisplay-Bold.otf"; sourceTree = "<group>"; };
		FF129080212A823F0082AF9C /* SFCompactText-Bold.otf */ = {isa = PBXFileReference; lastKnownFileType = file; path = "SFCompactText-Bold.otf"; sourceTree = "<group>"; };
		FF129081212A823F0082AF9C /* SFCompactDisplay-Ultralight.otf */ = {isa = PBXFileReference; lastKnownFileType = file; path = "SFCompactDisplay-Ultralight.otf"; sourceTree = "<group>"; };
		FF129082212A823F0082AF9C /* SFCompactText-Heavy.otf */ = {isa = PBXFileReference; lastKnownFileType = file; path = "SFCompactText-Heavy.otf"; sourceTree = "<group>"; };
		FF129083212A823F0082AF9C /* SFCompactText-HeavyItalic.otf */ = {isa = PBXFileReference; lastKnownFileType = file; path = "SFCompactText-HeavyItalic.otf"; sourceTree = "<group>"; };
		FF129084212A823F0082AF9C /* SFCompactText-LightItalic.otf */ = {isa = PBXFileReference; lastKnownFileType = file; path = "SFCompactText-LightItalic.otf"; sourceTree = "<group>"; };
		FF129085212A823F0082AF9C /* SFCompactDisplay-Thin.otf */ = {isa = PBXFileReference; lastKnownFileType = file; path = "SFCompactDisplay-Thin.otf"; sourceTree = "<group>"; };
/* End PBXFileReference section */

/* Begin PBXFrameworksBuildPhase section */
		91FA1C13212A5FB100D02550 /* Frameworks */ = {
			isa = PBXFrameworksBuildPhase;
			buildActionMask = 2147483647;
			files = (
			);
			runOnlyForDeploymentPostprocessing = 0;
		};
/* End PBXFrameworksBuildPhase section */

/* Begin PBXGroup section */
		651D43DB212A8B46009A0C12 /* Report */ = {
			isa = PBXGroup;
			children = (
				651D43DE212A8B78009A0C12 /* Report.storyboard */,
				651D43DC212A8B5F009A0C12 /* ReportViewController.swift */,
			);
			path = Report;
			sourceTree = "<group>";
		};
		9138695A212E555F00FEC746 /* Model */ = {
			isa = PBXGroup;
			children = (
				9138695B212E559E00FEC746 /* CleanifyEvent.swift */,
				6FAA98A9212FBAEF00389FF3 /* CleanifyNews.swift */,
			);
			path = Model;
			sourceTree = "<group>";
		};
		915825B7212BD41900D617CE /* ActDetail */ = {
			isa = PBXGroup;
			children = (
				915825B4212BD04000D617CE /* ActDetail.storyboard */,
				915825B8212BD43500D617CE /* ActDetailViewController.swift */,
			);
			path = ActDetail;
			sourceTree = "<group>";
		};
		91FA1C0D212A5FB100D02550 = {
			isa = PBXGroup;
			children = (
				91FA1C18212A5FB100D02550 /* Cleanify */,
				91FA1C17212A5FB100D02550 /* Products */,
			);
			sourceTree = "<group>";
		};
		91FA1C17212A5FB100D02550 /* Products */ = {
			isa = PBXGroup;
			children = (
				91FA1C16212A5FB100D02550 /* Cleanify.app */,
			);
			name = Products;
			sourceTree = "<group>";
		};
		91FA1C18212A5FB100D02550 /* Cleanify */ = {
			isa = PBXGroup;
			children = (
				9138695A212E555F00FEC746 /* Model */,
				DDD8DE0F212E7F1500587E3F /* Helper */,
				FF1290BA212A82560082AF9C /* Fonts */,
				91FA1C2C212A674000D02550 /* Pages */,
				91FA1C34212A69D700D02550 /* View */,
				91FA1C20212A5FB200D02550 /* Assets.xcassets */,
				91FA1C19212A5FB100D02550 /* AppDelegate.swift */,
				91FA1C25212A5FB200D02550 /* Info.plist */,
			);
			path = Cleanify;
			sourceTree = "<group>";
		};
		91FA1C2C212A674000D02550 /* Pages */ = {
			isa = PBXGroup;
			children = (
				915825B7212BD41900D617CE /* ActDetail */,
				91FA1C3E212A8B3900D02550 /* Act */,
				DDD8DE08212E748900587E3F /* Login */,
				651D43DB212A8B46009A0C12 /* Report */,
				91FA1C2D212A676700D02550 /* News */,
			);
			path = Pages;
			sourceTree = "<group>";
		};
		91FA1C2D212A676700D02550 /* News */ = {
			isa = PBXGroup;
			children = (
				91FA1C2F212A67B500D02550 /* News.storyboard */,
				6FAA98A6212FB8F200389FF3 /* NewsTableViewCell.swift */,
				91FA1C31212A67D200D02550 /* NewsViewController.swift */,
				6FAA98AB212FE3C400389FF3 /* NewsDetailViewController.swift */,
			);
			path = News;
			sourceTree = "<group>";
		};
		91FA1C34212A69D700D02550 /* View */ = {
			isa = PBXGroup;
			children = (
				91FA1C22212A5FB200D02550 /* LaunchScreen.storyboard */,
				91A117952131550F00A817BB /* Main.storyboard */,
			);
			path = View;
			sourceTree = "<group>";
		};
		91FA1C3E212A8B3900D02550 /* Act */ = {
			isa = PBXGroup;
			children = (
				91FA1C3F212A8B4D00D02550 /* ActMap.storyboard */,
				91FA1C41212A8B5500D02550 /* ActList.storyboard */,
				91FA1C43212A8B6300D02550 /* ActMapViewController.swift */,
				91FA1C45212A8B6C00D02550 /* ActListViewController.swift */,
				915825B2212BB14C00D617CE /* ActTableViewCell.swift */,
			);
			path = Act;
			sourceTree = "<group>";
		};
		DDD8DE08212E748900587E3F /* Login */ = {
			isa = PBXGroup;
			children = (
				DDD8DE0D212E74EB00587E3F /* Login.storyboard */,
				DDD8DE09212E748900587E3F /* LoginViewController.swift */,
				DDD8DE1C212FBC1200587E3F /* ProfileViewController.swift */,
				DDD8DE1E212FBEF300587E3F /* ProfileViewCell.swift */,
			);
			path = Login;
			sourceTree = "<group>";
		};
		DDD8DE0F212E7F1500587E3F /* Helper */ = {
			isa = PBXGroup;
			children = (
				91386958212E54CB00FEC746 /* CleanifyApi.swift */,
				DDD8DE12212E7F6800587E3F /* API.swift */,
				DDD8DE14212E802F00587E3F /* Constant.swift */,
				DDD8DE20212FFAD900587E3F /* Session.swift */,
				9110FCB82133AA0300F8FC01 /* GeneralHelper.swift */,
			);
			path = Helper;
			sourceTree = "<group>";
		};
		FF129051212A823E0082AF9C /* SF Pro */ = {
			isa = PBXGroup;
			children = (
				FF129052212A823E0082AF9C /* SF-Pro-Display-Thin.otf */,
				FF129053212A823E0082AF9C /* SF-Pro-Display-SemiboldItalic.otf */,
				FF129054212A823E0082AF9C /* SF-Pro-Text-Heavy.otf */,
				FF129055212A823E0082AF9C /* SF-Pro-Display-RegularItalic.otf */,
				FF129056212A823E0082AF9C /* SF-Pro-Display-Light.otf */,
				FF129057212A823E0082AF9C /* SF-Pro-Display-Regular.otf */,
				FF129058212A823E0082AF9C /* SF-Pro-Text-MediumItalic.otf */,
				FF129059212A823E0082AF9C /* SF-Pro-Display-Bold.otf */,
				FF12905A212A823E0082AF9C /* SF-Pro-Display-Medium.otf */,
				FF12905B212A823E0082AF9C /* SF-Pro-Display-Heavy.otf */,
				FF12905C212A823E0082AF9C /* SF-Pro-Text-Light.otf */,
				FF12905D212A823E0082AF9C /* SF-Pro-Display-Semibold.otf */,
				FF12905E212A823E0082AF9C /* SF-Pro-Text-Regular.otf */,
				FF12905F212A823E0082AF9C /* SF-Pro-Text-Bold.otf */,
				FF129060212A823E0082AF9C /* SF-Pro-Display-MediumItalic.otf */,
				FF129061212A823E0082AF9C /* SF-Pro-Display-HeavyItalic.otf */,
				FF129062212A823E0082AF9C /* SF-Pro-Display-Ultralight.otf */,
				FF129063212A823E0082AF9C /* SF-Pro-Display-UltralightItalic.otf */,
				FF129064212A823E0082AF9C /* SF-Pro-Display-LightItalic.otf */,
				FF129065212A823E0082AF9C /* SF-Pro-Display-BlackItalic.otf */,
				FF129066212A823E0082AF9C /* SF-Pro-Display-Black.otf */,
				FF129067212A823E0082AF9C /* SF-Pro-Text-BoldItalic.otf */,
				FF129068212A823E0082AF9C /* SF-Pro-Text-RegularItalic.otf */,
				FF129069212A823E0082AF9C /* SF-Pro-Text-Semibold.otf */,
				FF12906A212A823E0082AF9C /* SF-Pro-Text-HeavyItalic.otf */,
				FF12906B212A823E0082AF9C /* SF-Pro-Display-ThinItalic.otf */,
				FF12906C212A823E0082AF9C /* SF-Pro-Text-LightItalic.otf */,
				FF12906D212A823E0082AF9C /* SF-Pro-Text-Medium.otf */,
				FF12906E212A823E0082AF9C /* SF-Pro-Display-BoldItalic.otf */,
				FF12906F212A823E0082AF9C /* SF-Pro-Text-SemiboldItalic.otf */,
			);
			path = "SF Pro";
			sourceTree = "<group>";
		};
		FF129070212A823F0082AF9C /* SF Compact */ = {
			isa = PBXGroup;
			children = (
				FF129071212A823F0082AF9C /* SFCompactDisplay-Heavy.otf */,
				FF129072212A823F0082AF9C /* SFCompactText-Medium.otf */,
				FF129073212A823F0082AF9C /* SFCompactText-SemiboldItalic.otf */,
				FF129074212A823F0082AF9C /* SFCompactDisplay-Light.otf */,
				FF129075212A823F0082AF9C /* SFCompactText-Regular.otf */,
				FF129076212A823F0082AF9C /* SFCompactText-BoldItalic.otf */,
				FF129077212A823F0082AF9C /* SFCompactDisplay-Semibold.otf */,
				FF129078212A823F0082AF9C /* SFCompactDisplay-Medium.otf */,
				FF129079212A823F0082AF9C /* SFCompactDisplay-Black.otf */,
				FF12907A212A823F0082AF9C /* SFCompactDisplay-Regular.otf */,
				FF12907B212A823F0082AF9C /* SFCompactText-MediumItalic.otf */,
				FF12907C212A823F0082AF9C /* SFCompactText-Semibold.otf */,
				FF12907D212A823F0082AF9C /* SFCompactText-RegularItalic.otf */,
				FF12907E212A823F0082AF9C /* SFCompactText-Light.otf */,
				FF12907F212A823F0082AF9C /* SFCompactDisplay-Bold.otf */,
				FF129080212A823F0082AF9C /* SFCompactText-Bold.otf */,
				FF129081212A823F0082AF9C /* SFCompactDisplay-Ultralight.otf */,
				FF129082212A823F0082AF9C /* SFCompactText-Heavy.otf */,
				FF129083212A823F0082AF9C /* SFCompactText-HeavyItalic.otf */,
				FF129084212A823F0082AF9C /* SFCompactText-LightItalic.otf */,
				FF129085212A823F0082AF9C /* SFCompactDisplay-Thin.otf */,
			);
			path = "SF Compact";
			sourceTree = "<group>";
		};
		FF1290BA212A82560082AF9C /* Fonts */ = {
			isa = PBXGroup;
			children = (
				FF129070212A823F0082AF9C /* SF Compact */,
				FF129051212A823E0082AF9C /* SF Pro */,
			);
			path = Fonts;
			sourceTree = "<group>";
		};
/* End PBXGroup section */

/* Begin PBXNativeTarget section */
		91FA1C15212A5FB100D02550 /* Cleanify */ = {
			isa = PBXNativeTarget;
			buildConfigurationList = 91FA1C28212A5FB200D02550 /* Build configuration list for PBXNativeTarget "Cleanify" */;
			buildPhases = (
				91FA1C12212A5FB100D02550 /* Sources */,
				91FA1C13212A5FB100D02550 /* Frameworks */,
				91FA1C14212A5FB100D02550 /* Resources */,
			);
			buildRules = (
			);
			dependencies = (
			);
			name = Cleanify;
			productName = Cleanify;
			productReference = 91FA1C16212A5FB100D02550 /* Cleanify.app */;
			productType = "com.apple.product-type.application";
		};
/* End PBXNativeTarget section */

/* Begin PBXProject section */
		91FA1C0E212A5FB100D02550 /* Project object */ = {
			isa = PBXProject;
			attributes = {
				LastSwiftUpdateCheck = 0940;
				LastUpgradeCheck = 0940;
				ORGANIZATIONNAME = "Daniel Gunawan";
				TargetAttributes = {
					91FA1C15212A5FB100D02550 = {
						CreatedOnToolsVersion = 9.4.1;
					};
				};
			};
			buildConfigurationList = 91FA1C11212A5FB100D02550 /* Build configuration list for PBXProject "Cleanify" */;
			compatibilityVersion = "Xcode 9.3";
			developmentRegion = en;
			hasScannedForEncodings = 0;
			knownRegions = (
				en,
				Base,
			);
			mainGroup = 91FA1C0D212A5FB100D02550;
			productRefGroup = 91FA1C17212A5FB100D02550 /* Products */;
			projectDirPath = "";
			projectRoot = "";
			targets = (
				91FA1C15212A5FB100D02550 /* Cleanify */,
			);
		};
/* End PBXProject section */

/* Begin PBXResourcesBuildPhase section */
		91FA1C14212A5FB100D02550 /* Resources */ = {
			isa = PBXResourcesBuildPhase;
			buildActionMask = 2147483647;
			files = (
				FF1290B3212A823F0082AF9C /* SFCompactText-Bold.otf in Resources */,
				FF1290B6212A823F0082AF9C /* SFCompactText-HeavyItalic.otf in Resources */,
				FF1290A6212A823F0082AF9C /* SFCompactText-SemiboldItalic.otf in Resources */,
				FF129097212A823F0082AF9C /* SF-Pro-Display-UltralightItalic.otf in Resources */,
				FF1290AE212A823F0082AF9C /* SFCompactText-MediumItalic.otf in Resources */,
				FF12908E212A823F0082AF9C /* SF-Pro-Display-Medium.otf in Resources */,
				FF1290B4212A823F0082AF9C /* SFCompactDisplay-Ultralight.otf in Resources */,
				FF12909C212A823F0082AF9C /* SF-Pro-Text-RegularItalic.otf in Resources */,
				FF1290B5212A823F0082AF9C /* SFCompactText-Heavy.otf in Resources */,
				FF12908C212A823F0082AF9C /* SF-Pro-Text-MediumItalic.otf in Resources */,
				FF12909B212A823F0082AF9C /* SF-Pro-Text-BoldItalic.otf in Resources */,
				FF1290A9212A823F0082AF9C /* SFCompactText-BoldItalic.otf in Resources */,
				FF1290A7212A823F0082AF9C /* SFCompactDisplay-Light.otf in Resources */,
				FF129086212A823F0082AF9C /* SF-Pro-Display-Thin.otf in Resources */,
				FF1290A8212A823F0082AF9C /* SFCompactText-Regular.otf in Resources */,
				FF12909D212A823F0082AF9C /* SF-Pro-Text-Semibold.otf in Resources */,
				FF129088212A823F0082AF9C /* SF-Pro-Text-Heavy.otf in Resources */,
				FF129095212A823F0082AF9C /* SF-Pro-Display-HeavyItalic.otf in Resources */,
				FF1290B8212A823F0082AF9C /* SFCompactDisplay-Thin.otf in Resources */,
				FF129094212A823F0082AF9C /* SF-Pro-Display-MediumItalic.otf in Resources */,
				FF1290A0212A823F0082AF9C /* SF-Pro-Text-LightItalic.otf in Resources */,
				FF1290A5212A823F0082AF9C /* SFCompactText-Medium.otf in Resources */,
				FF129089212A823F0082AF9C /* SF-Pro-Display-RegularItalic.otf in Resources */,
				FF12909E212A823F0082AF9C /* SF-Pro-Text-HeavyItalic.otf in Resources */,
				651D43DF212A8B78009A0C12 /* Report.storyboard in Resources */,
				FF1290A1212A823F0082AF9C /* SF-Pro-Text-Medium.otf in Resources */,
				FF1290B2212A823F0082AF9C /* SFCompactDisplay-Bold.otf in Resources */,
				FF129098212A823F0082AF9C /* SF-Pro-Display-LightItalic.otf in Resources */,
				FF129099212A823F0082AF9C /* SF-Pro-Display-BlackItalic.otf in Resources */,
				FF129096212A823F0082AF9C /* SF-Pro-Display-Ultralight.otf in Resources */,
				91FA1C42212A8B5500D02550 /* ActList.storyboard in Resources */,
				FF12909A212A823F0082AF9C /* SF-Pro-Display-Black.otf in Resources */,
				FF1290A2212A823F0082AF9C /* SF-Pro-Display-BoldItalic.otf in Resources */,
				FF1290A3212A823F0082AF9C /* SF-Pro-Text-SemiboldItalic.otf in Resources */,
				91FA1C24212A5FB200D02550 /* LaunchScreen.storyboard in Resources */,
				FF129092212A823F0082AF9C /* SF-Pro-Text-Regular.otf in Resources */,
				91FA1C21212A5FB200D02550 /* Assets.xcassets in Resources */,
				FF12908F212A823F0082AF9C /* SF-Pro-Display-Heavy.otf in Resources */,
				91FA1C40212A8B4D00D02550 /* ActMap.storyboard in Resources */,
				FF1290B0212A823F0082AF9C /* SFCompactText-RegularItalic.otf in Resources */,
				FF129093212A823F0082AF9C /* SF-Pro-Text-Bold.otf in Resources */,
				FF1290B7212A823F0082AF9C /* SFCompactText-LightItalic.otf in Resources */,
				FF1290A4212A823F0082AF9C /* SFCompactDisplay-Heavy.otf in Resources */,
				91FA1C30212A67B500D02550 /* News.storyboard in Resources */,
				FF1290AB212A823F0082AF9C /* SFCompactDisplay-Medium.otf in Resources */,
				FF1290AD212A823F0082AF9C /* SFCompactDisplay-Regular.otf in Resources */,
				DDD8DE0E212E74EB00587E3F /* Login.storyboard in Resources */,
				FF1290AC212A823F0082AF9C /* SFCompactDisplay-Black.otf in Resources */,
				915825B5212BD04000D617CE /* ActDetail.storyboard in Resources */,
				FF1290B1212A823F0082AF9C /* SFCompactText-Light.otf in Resources */,
				FF1290AF212A823F0082AF9C /* SFCompactText-Semibold.otf in Resources */,
				91A117962131550F00A817BB /* Main.storyboard in Resources */,
				FF12908A212A823F0082AF9C /* SF-Pro-Display-Light.otf in Resources */,
				FF12908B212A823F0082AF9C /* SF-Pro-Display-Regular.otf in Resources */,
				FF129087212A823F0082AF9C /* SF-Pro-Display-SemiboldItalic.otf in Resources */,
				FF129091212A823F0082AF9C /* SF-Pro-Display-Semibold.otf in Resources */,
				FF129090212A823F0082AF9C /* SF-Pro-Text-Light.otf in Resources */,
				FF12909F212A823F0082AF9C /* SF-Pro-Display-ThinItalic.otf in Resources */,
				FF1290AA212A823F0082AF9C /* SFCompactDisplay-Semibold.otf in Resources */,
				FF12908D212A823F0082AF9C /* SF-Pro-Display-Bold.otf in Resources */,
			);
			runOnlyForDeploymentPostprocessing = 0;
		};
/* End PBXResourcesBuildPhase section */

/* Begin PBXSourcesBuildPhase section */
		91FA1C12212A5FB100D02550 /* Sources */ = {
			isa = PBXSourcesBuildPhase;
			buildActionMask = 2147483647;
			files = (
				915825B3212BB14C00D617CE /* ActTableViewCell.swift in Sources */,
				91FA1C32212A67D200D02550 /* NewsViewController.swift in Sources */,
				91FA1C46212A8B6C00D02550 /* ActListViewController.swift in Sources */,
				9138695C212E559E00FEC746 /* CleanifyEvent.swift in Sources */,
				91FA1C44212A8B6300D02550 /* ActMapViewController.swift in Sources */,
				915825B9212BD43500D617CE /* ActDetailViewController.swift in Sources */,
				DDD8DE1D212FBC1200587E3F /* ProfileViewController.swift in Sources */,
				DDD8DE0B212E748900587E3F /* LoginViewController.swift in Sources */,
				9110FCB92133AA0300F8FC01 /* GeneralHelper.swift in Sources */,
				DDD8DE15212E802F00587E3F /* Constant.swift in Sources */,
				DDD8DE21212FFAD900587E3F /* Session.swift in Sources */,
				DDD8DE13212E7F6800587E3F /* API.swift in Sources */,
				DDD8DE1F212FBEF300587E3F /* ProfileViewCell.swift in Sources */,
				91FA1C1A212A5FB100D02550 /* AppDelegate.swift in Sources */,
				91386959212E54CB00FEC746 /* CleanifyApi.swift in Sources */,
				6FAA98AA212FBAEF00389FF3 /* CleanifyNews.swift in Sources */,
				6FAA98A7212FB8F200389FF3 /* NewsTableViewCell.swift in Sources */,
				6FAA98AC212FE3C400389FF3 /* NewsDetailViewController.swift in Sources */,
				651D43DD212A8B5F009A0C12 /* ReportViewController.swift in Sources */,
			);
			runOnlyForDeploymentPostprocessing = 0;
		};
/* End PBXSourcesBuildPhase section */

/* Begin PBXVariantGroup section */
		91FA1C22212A5FB200D02550 /* LaunchScreen.storyboard */ = {
			isa = PBXVariantGroup;
			children = (
				91FA1C23212A5FB200D02550 /* Base */,
			);
			name = LaunchScreen.storyboard;
			sourceTree = "<group>";
		};
/* End PBXVariantGroup section */

/* Begin XCBuildConfiguration section */
		91FA1C26212A5FB200D02550 /* Debug */ = {
			isa = XCBuildConfiguration;
			buildSettings = {
				ALWAYS_SEARCH_USER_PATHS = NO;
				CLANG_ANALYZER_NONNULL = YES;
				CLANG_ANALYZER_NUMBER_OBJECT_CONVERSION = YES_AGGRESSIVE;
				CLANG_CXX_LANGUAGE_STANDARD = "gnu++14";
				CLANG_CXX_LIBRARY = "libc++";
				CLANG_ENABLE_MODULES = YES;
				CLANG_ENABLE_OBJC_ARC = YES;
				CLANG_ENABLE_OBJC_WEAK = YES;
				CLANG_WARN_BLOCK_CAPTURE_AUTORELEASING = YES;
				CLANG_WARN_BOOL_CONVERSION = YES;
				CLANG_WARN_COMMA = YES;
				CLANG_WARN_CONSTANT_CONVERSION = YES;
				CLANG_WARN_DEPRECATED_OBJC_IMPLEMENTATIONS = YES;
				CLANG_WARN_DIRECT_OBJC_ISA_USAGE = YES_ERROR;
				CLANG_WARN_DOCUMENTATION_COMMENTS = YES;
				CLANG_WARN_EMPTY_BODY = YES;
				CLANG_WARN_ENUM_CONVERSION = YES;
				CLANG_WARN_INFINITE_RECURSION = YES;
				CLANG_WARN_INT_CONVERSION = YES;
				CLANG_WARN_NON_LITERAL_NULL_CONVERSION = YES;
				CLANG_WARN_OBJC_IMPLICIT_RETAIN_SELF = YES;
				CLANG_WARN_OBJC_LITERAL_CONVERSION = YES;
				CLANG_WARN_OBJC_ROOT_CLASS = YES_ERROR;
				CLANG_WARN_RANGE_LOOP_ANALYSIS = YES;
				CLANG_WARN_STRICT_PROTOTYPES = YES;
				CLANG_WARN_SUSPICIOUS_MOVE = YES;
				CLANG_WARN_UNGUARDED_AVAILABILITY = YES_AGGRESSIVE;
				CLANG_WARN_UNREACHABLE_CODE = YES;
				CLANG_WARN__DUPLICATE_METHOD_MATCH = YES;
				CODE_SIGN_IDENTITY = "iPhone Developer";
				COPY_PHASE_STRIP = NO;
				DEBUG_INFORMATION_FORMAT = dwarf;
				ENABLE_STRICT_OBJC_MSGSEND = YES;
				ENABLE_TESTABILITY = YES;
				GCC_C_LANGUAGE_STANDARD = gnu11;
				GCC_DYNAMIC_NO_PIC = NO;
				GCC_NO_COMMON_BLOCKS = YES;
				GCC_OPTIMIZATION_LEVEL = 0;
				GCC_PREPROCESSOR_DEFINITIONS = (
					"DEBUG=1",
					"$(inherited)",
				);
				GCC_WARN_64_TO_32_BIT_CONVERSION = YES;
				GCC_WARN_ABOUT_RETURN_TYPE = YES_ERROR;
				GCC_WARN_UNDECLARED_SELECTOR = YES;
				GCC_WARN_UNINITIALIZED_AUTOS = YES_AGGRESSIVE;
				GCC_WARN_UNUSED_FUNCTION = YES;
				GCC_WARN_UNUSED_VARIABLE = YES;
				IPHONEOS_DEPLOYMENT_TARGET = 11.4;
				MTL_ENABLE_DEBUG_INFO = YES;
				ONLY_ACTIVE_ARCH = YES;
				SDKROOT = iphoneos;
				SWIFT_ACTIVE_COMPILATION_CONDITIONS = DEBUG;
				SWIFT_OPTIMIZATION_LEVEL = "-Onone";
			};
			name = Debug;
		};
		91FA1C27212A5FB200D02550 /* Release */ = {
			isa = XCBuildConfiguration;
			buildSettings = {
				ALWAYS_SEARCH_USER_PATHS = NO;
				CLANG_ANALYZER_NONNULL = YES;
				CLANG_ANALYZER_NUMBER_OBJECT_CONVERSION = YES_AGGRESSIVE;
				CLANG_CXX_LANGUAGE_STANDARD = "gnu++14";
				CLANG_CXX_LIBRARY = "libc++";
				CLANG_ENABLE_MODULES = YES;
				CLANG_ENABLE_OBJC_ARC = YES;
				CLANG_ENABLE_OBJC_WEAK = YES;
				CLANG_WARN_BLOCK_CAPTURE_AUTORELEASING = YES;
				CLANG_WARN_BOOL_CONVERSION = YES;
				CLANG_WARN_COMMA = YES;
				CLANG_WARN_CONSTANT_CONVERSION = YES;
				CLANG_WARN_DEPRECATED_OBJC_IMPLEMENTATIONS = YES;
				CLANG_WARN_DIRECT_OBJC_ISA_USAGE = YES_ERROR;
				CLANG_WARN_DOCUMENTATION_COMMENTS = YES;
				CLANG_WARN_EMPTY_BODY = YES;
				CLANG_WARN_ENUM_CONVERSION = YES;
				CLANG_WARN_INFINITE_RECURSION = YES;
				CLANG_WARN_INT_CONVERSION = YES;
				CLANG_WARN_NON_LITERAL_NULL_CONVERSION = YES;
				CLANG_WARN_OBJC_IMPLICIT_RETAIN_SELF = YES;
				CLANG_WARN_OBJC_LITERAL_CONVERSION = YES;
				CLANG_WARN_OBJC_ROOT_CLASS = YES_ERROR;
				CLANG_WARN_RANGE_LOOP_ANALYSIS = YES;
				CLANG_WARN_STRICT_PROTOTYPES = YES;
				CLANG_WARN_SUSPICIOUS_MOVE = YES;
				CLANG_WARN_UNGUARDED_AVAILABILITY = YES_AGGRESSIVE;
				CLANG_WARN_UNREACHABLE_CODE = YES;
				CLANG_WARN__DUPLICATE_METHOD_MATCH = YES;
				CODE_SIGN_IDENTITY = "iPhone Developer";
				COPY_PHASE_STRIP = NO;
				DEBUG_INFORMATION_FORMAT = "dwarf-with-dsym";
				ENABLE_NS_ASSERTIONS = NO;
				ENABLE_STRICT_OBJC_MSGSEND = YES;
				GCC_C_LANGUAGE_STANDARD = gnu11;
				GCC_NO_COMMON_BLOCKS = YES;
				GCC_WARN_64_TO_32_BIT_CONVERSION = YES;
				GCC_WARN_ABOUT_RETURN_TYPE = YES_ERROR;
				GCC_WARN_UNDECLARED_SELECTOR = YES;
				GCC_WARN_UNINITIALIZED_AUTOS = YES_AGGRESSIVE;
				GCC_WARN_UNUSED_FUNCTION = YES;
				GCC_WARN_UNUSED_VARIABLE = YES;
				IPHONEOS_DEPLOYMENT_TARGET = 11.4;
				MTL_ENABLE_DEBUG_INFO = NO;
				SDKROOT = iphoneos;
				SWIFT_COMPILATION_MODE = wholemodule;
				SWIFT_OPTIMIZATION_LEVEL = "-O";
				VALIDATE_PRODUCT = YES;
			};
			name = Release;
		};
		91FA1C29212A5FB200D02550 /* Debug */ = {
			isa = XCBuildConfiguration;
			buildSettings = {
				ASSETCATALOG_COMPILER_APPICON_NAME = AppIcon;
				CODE_SIGN_STYLE = Automatic;
				DEVELOPMENT_TEAM = 7DQGP7DU26;
				INFOPLIST_FILE = Cleanify/Info.plist;
				LD_RUNPATH_SEARCH_PATHS = (
					"$(inherited)",
					"@executable_path/Frameworks",
				);
				PRODUCT_BUNDLE_IDENTIFIER = com.danielgunawan.Cleanify;
				PRODUCT_NAME = "$(TARGET_NAME)";
				SWIFT_VERSION = 4.0;
				TARGETED_DEVICE_FAMILY = "1,2";
			};
			name = Debug;
		};
		91FA1C2A212A5FB200D02550 /* Release */ = {
			isa = XCBuildConfiguration;
			buildSettings = {
				ASSETCATALOG_COMPILER_APPICON_NAME = AppIcon;
				CODE_SIGN_STYLE = Automatic;
				DEVELOPMENT_TEAM = 7DQGP7DU26;
				INFOPLIST_FILE = Cleanify/Info.plist;
				LD_RUNPATH_SEARCH_PATHS = (
					"$(inherited)",
					"@executable_path/Frameworks",
				);
				PRODUCT_BUNDLE_IDENTIFIER = com.danielgunawan.Cleanify;
				PRODUCT_NAME = "$(TARGET_NAME)";
				SWIFT_VERSION = 4.0;
				TARGETED_DEVICE_FAMILY = "1,2";
			};
			name = Release;
		};
/* End XCBuildConfiguration section */

/* Begin XCConfigurationList section */
		91FA1C11212A5FB100D02550 /* Build configuration list for PBXProject "Cleanify" */ = {
			isa = XCConfigurationList;
			buildConfigurations = (
				91FA1C26212A5FB200D02550 /* Debug */,
				91FA1C27212A5FB200D02550 /* Release */,
			);
			defaultConfigurationIsVisible = 0;
			defaultConfigurationName = Release;
		};
		91FA1C28212A5FB200D02550 /* Build configuration list for PBXNativeTarget "Cleanify" */ = {
			isa = XCConfigurationList;
			buildConfigurations = (
				91FA1C29212A5FB200D02550 /* Debug */,
				91FA1C2A212A5FB200D02550 /* Release */,
			);
			defaultConfigurationIsVisible = 0;
			defaultConfigurationName = Release;
		};
/* End XCConfigurationList section */
	};
	rootObject = 91FA1C0E212A5FB100D02550 /* Project object */;
}
